
Microsoft Visual Studio Solution File, Format Version 12.00
# Visual Studio Version 17
VisualStudioVersion = 17.8.34309.116
MinimumVisualStudioVersion = 10.0.40219.1
Project("{9A19103F-16F7-4668-BE54-9A1E7A4F7556}") = "Uppgift_Databasteknik", "Uppgift_Databasteknik\Uppgift_Databasteknik.csproj", "{76511BA2-F2A4-41F2-AA36-9FA4EEFD5B13}"
EndProject
Project("{FAE04EC0-301F-11D3-BF4B-00C04F79EFBC}") = "Uppgift_Databasteknik_Test", "Uppgift_Databasteknik_Test\Uppgift_Databasteknik_Test.csproj", "{16E82329-73D8-4D6E-B769-9EE22E5459E7}"
EndProject
Global
	GlobalSection(SolutionConfigurationPlatforms) = preSolution
		Debug|Any CPU = Debug|Any CPU
		Release|Any CPU = Release|Any CPU
	EndGlobalSection
	GlobalSection(ProjectConfigurationPlatforms) = postSolution
		{76511BA2-F2A4-41F2-AA36-9FA4EEFD5B13}.Debug|Any CPU.ActiveCfg = Debug|Any CPU
		{76511BA2-F2A4-41F2-AA36-9FA4EEFD5B13}.Debug|Any CPU.Build.0 = Debug|Any CPU
		{76511BA2-F2A4-41F2-AA36-9FA4EEFD5B13}.Release|Any CPU.ActiveCfg = Release|Any CPU
		{76511BA2-F2A4-41F2-AA36-9FA4EEFD5B13}.Release|Any CPU.Build.0 = Release|Any CPU
		{16E82329-73D8-4D6E-B769-9EE22E5459E7}.Debug|Any CPU.ActiveCfg = Debug|Any CPU
		{16E82329-73D8-4D6E-B769-9EE22E5459E7}.Debug|Any CPU.Build.0 = Debug|Any CPU
		{16E82329-73D8-4D6E-B769-9EE22E5459E7}.Release|Any CPU.ActiveCfg = Release|Any CPU
		{16E82329-73D8-4D6E-B769-9EE22E5459E7}.Release|Any CPU.Build.0 = Release|Any CPU
	EndGlobalSection
	GlobalSection(SolutionProperties) = preSolution
		HideSolutionNode = FALSE
	EndGlobalSection
	GlobalSection(ExtensibilityGlobals) = postSolution
		SolutionGuid = {304B8004-F623-4472-A982-A14BB55E093C}
	EndGlobalSection
EndGlobal
